
Microsoft Visual Studio Solution File, Format Version 12.00
# Visual Studio Version 17
VisualStudioVersion = 17.10.34928.147
MinimumVisualStudioVersion = 10.0.40219.1
Project("{FAE04EC0-301F-11D3-BF4B-00C04F79EFBC}") = "JesusIsLove", "JesusIsLove\JesusIsLove.csproj", "{9EEF377D-98D6-445F-9E08-0C498AB19DAD}"
EndProject
Global
	GlobalSection(SolutionConfigurationPlatforms) = preSolution
		Debug|Any CPU = Debug|Any CPU
		Release|Any CPU = Release|Any CPU
	EndGlobalSection
	GlobalSection(ProjectConfigurationPlatforms) = postSolution
		{9EEF377D-98D6-445F-9E08-0C498AB19DAD}.Debug|Any CPU.ActiveCfg = Debug|Any CPU
		{9EEF377D-98D6-445F-9E08-0C498AB19DAD}.Debug|Any CPU.Build.0 = Debug|Any CPU
		{9EEF377D-98D6-445F-9E08-0C498AB19DAD}.Release|Any CPU.ActiveCfg = Release|Any CPU
		{9EEF377D-98D6-445F-9E08-0C498AB19DAD}.Release|Any CPU.Build.0 = Release|Any CPU
	EndGlobalSection
	GlobalSection(SolutionProperties) = preSolution
		HideSolutionNode = FALSE
	EndGlobalSection
	GlobalSection(ExtensibilityGlobals) = postSolution
		SolutionGuid = {1D64F401-7B5A-460C-8A3E-9D31E9013766}
	EndGlobalSection
EndGlobal
