
Microsoft Visual Studio Solution File, Format Version 12.00
# Visual Studio Version 17
VisualStudioVersion = 17.8.34511.84
MinimumVisualStudioVersion = 10.0.40219.1
Project("{FAE04EC0-301F-11D3-BF4B-00C04F79EFBC}") = "Clases_Basico", "Clases_Basico\Clases_Basico.csproj", "{BCFC4538-B6A0-4CDC-9AC3-D867EFD36631}"
EndProject
Global
	GlobalSection(SolutionConfigurationPlatforms) = preSolution
		Debug|Any CPU = Debug|Any CPU
		Release|Any CPU = Release|Any CPU
	EndGlobalSection
	GlobalSection(ProjectConfigurationPlatforms) = postSolution
		{BCFC4538-B6A0-4CDC-9AC3-D867EFD36631}.Debug|Any CPU.ActiveCfg = Debug|Any CPU
		{BCFC4538-B6A0-4CDC-9AC3-D867EFD36631}.Debug|Any CPU.Build.0 = Debug|Any CPU
		{BCFC4538-B6A0-4CDC-9AC3-D867EFD36631}.Release|Any CPU.ActiveCfg = Release|Any CPU
		{BCFC4538-B6A0-4CDC-9AC3-D867EFD36631}.Release|Any CPU.Build.0 = Release|Any CPU
	EndGlobalSection
	GlobalSection(SolutionProperties) = preSolution
		HideSolutionNode = FALSE
	EndGlobalSection
	GlobalSection(ExtensibilityGlobals) = postSolution
		SolutionGuid = {FBE3AA9D-A627-475B-B4A9-F310816F4A63}
	EndGlobalSection
EndGlobal
