
Microsoft Visual Studio Solution File, Format Version 12.00
# Visual Studio Version 17
VisualStudioVersion = 17.8.34511.84
MinimumVisualStudioVersion = 10.0.40219.1
Project("{FAE04EC0-301F-11D3-BF4B-00C04F79EFBC}") = "Miembros", "Miembros\Miembros.csproj", "{1E411AA6-9806-41FD-984E-10B6555B06A8}"
EndProject
Global
	GlobalSection(SolutionConfigurationPlatforms) = preSolution
		Debug|Any CPU = Debug|Any CPU
		Release|Any CPU = Release|Any CPU
	EndGlobalSection
	GlobalSection(ProjectConfigurationPlatforms) = postSolution
		{1E411AA6-9806-41FD-984E-10B6555B06A8}.Debug|Any CPU.ActiveCfg = Debug|Any CPU
		{1E411AA6-9806-41FD-984E-10B6555B06A8}.Debug|Any CPU.Build.0 = Debug|Any CPU
		{1E411AA6-9806-41FD-984E-10B6555B06A8}.Release|Any CPU.ActiveCfg = Release|Any CPU
		{1E411AA6-9806-41FD-984E-10B6555B06A8}.Release|Any CPU.Build.0 = Release|Any CPU
	EndGlobalSection
	GlobalSection(SolutionProperties) = preSolution
		HideSolutionNode = FALSE
	EndGlobalSection
	GlobalSection(ExtensibilityGlobals) = postSolution
		SolutionGuid = {55C89DA7-8111-430A-80A9-9A14F9A8588A}
	EndGlobalSection
EndGlobal
