
Microsoft Visual Studio Solution File, Format Version 12.00
# Visual Studio Version 17
VisualStudioVersion = 17.8.34330.188
MinimumVisualStudioVersion = 10.0.40219.1
Project("{FAE04EC0-301F-11D3-BF4B-00C04F79EFBC}") = "ConsoleApp1", "ConsoleApp1\ConsoleApp1.csproj", "{0E352AE9-B22A-4EF8-9EBE-A5F31F67BADD}"
EndProject
Global
	GlobalSection(SolutionConfigurationPlatforms) = preSolution
		Debug|Any CPU = Debug|Any CPU
		Release|Any CPU = Release|Any CPU
	EndGlobalSection
	GlobalSection(ProjectConfigurationPlatforms) = postSolution
		{0E352AE9-B22A-4EF8-9EBE-A5F31F67BADD}.Debug|Any CPU.ActiveCfg = Debug|Any CPU
		{0E352AE9-B22A-4EF8-9EBE-A5F31F67BADD}.Debug|Any CPU.Build.0 = Debug|Any CPU
		{0E352AE9-B22A-4EF8-9EBE-A5F31F67BADD}.Release|Any CPU.ActiveCfg = Release|Any CPU
		{0E352AE9-B22A-4EF8-9EBE-A5F31F67BADD}.Release|Any CPU.Build.0 = Release|Any CPU
	EndGlobalSection
	GlobalSection(SolutionProperties) = preSolution
		HideSolutionNode = FALSE
	EndGlobalSection
	GlobalSection(ExtensibilityGlobals) = postSolution
		SolutionGuid = {B8EBA41F-D973-4041-A15D-709686B54AD3}
	EndGlobalSection
EndGlobal
