
Microsoft Visual Studio Solution File, Format Version 12.00
# Visual Studio Version 17
VisualStudioVersion = 17.8.34511.84
MinimumVisualStudioVersion = 10.0.40219.1
Project("{FAE04EC0-301F-11D3-BF4B-00C04F79EFBC}") = "Propiedades", "Propiedades\Propiedades.csproj", "{F708CADE-EEF7-4499-BD3E-A076F160505D}"
EndProject
Global
	GlobalSection(SolutionConfigurationPlatforms) = preSolution
		Debug|Any CPU = Debug|Any CPU
		Release|Any CPU = Release|Any CPU
	EndGlobalSection
	GlobalSection(ProjectConfigurationPlatforms) = postSolution
		{F708CADE-EEF7-4499-BD3E-A076F160505D}.Debug|Any CPU.ActiveCfg = Debug|Any CPU
		{F708CADE-EEF7-4499-BD3E-A076F160505D}.Debug|Any CPU.Build.0 = Debug|Any CPU
		{F708CADE-EEF7-4499-BD3E-A076F160505D}.Release|Any CPU.ActiveCfg = Release|Any CPU
		{F708CADE-EEF7-4499-BD3E-A076F160505D}.Release|Any CPU.Build.0 = Release|Any CPU
	EndGlobalSection
	GlobalSection(SolutionProperties) = preSolution
		HideSolutionNode = FALSE
	EndGlobalSection
	GlobalSection(ExtensibilityGlobals) = postSolution
		SolutionGuid = {F8574FE6-8591-49B3-8967-E127DB10B312}
	EndGlobalSection
EndGlobal
